
Microsoft Visual Studio Solution File, Format Version 12.00
# Visual Studio 15
VisualStudioVersion = 15.0.27703.2026
MinimumVisualStudioVersion = 10.0.40219.1
Project("{9A19103F-16F7-4668-BE54-9A1E7A4F7556}") = "Identity", "Identity\Identity.csproj", "{98B954F9-55E8-4AC5-A7CD-2FCCEB3E4D42}"
EndProject
Project("{9A19103F-16F7-4668-BE54-9A1E7A4F7556}") = "MvcClient", "MvcClient\MvcClient.csproj", "{2A3E22BE-0CBB-483A-94F7-AE6A794A26C0}"
EndProject
Project("{9A19103F-16F7-4668-BE54-9A1E7A4F7556}") = "SpaClient", "SpaClient\SpaClient.csproj", "{F829F965-C50F-4F53-BA3E-F7751BFF7227}"
EndProject
Project("{9A19103F-16F7-4668-BE54-9A1E7A4F7556}") = "Api", "Api\Api.csproj", "{05FBCE6D-91E5-4533-A557-17EC24DE1283}"
EndProject
Global
	GlobalSection(SolutionConfigurationPlatforms) = preSolution
		Debug|Any CPU = Debug|Any CPU
		Release|Any CPU = Release|Any CPU
	EndGlobalSection
	GlobalSection(ProjectConfigurationPlatforms) = postSolution
		{98B954F9-55E8-4AC5-A7CD-2FCCEB3E4D42}.Debug|Any CPU.ActiveCfg = Debug|Any CPU
		{98B954F9-55E8-4AC5-A7CD-2FCCEB3E4D42}.Debug|Any CPU.Build.0 = Debug|Any CPU
		{98B954F9-55E8-4AC5-A7CD-2FCCEB3E4D42}.Release|Any CPU.ActiveCfg = Release|Any CPU
		{98B954F9-55E8-4AC5-A7CD-2FCCEB3E4D42}.Release|Any CPU.Build.0 = Release|Any CPU
		{2A3E22BE-0CBB-483A-94F7-AE6A794A26C0}.Debug|Any CPU.ActiveCfg = Debug|Any CPU
		{2A3E22BE-0CBB-483A-94F7-AE6A794A26C0}.Debug|Any CPU.Build.0 = Debug|Any CPU
		{2A3E22BE-0CBB-483A-94F7-AE6A794A26C0}.Release|Any CPU.ActiveCfg = Release|Any CPU
		{2A3E22BE-0CBB-483A-94F7-AE6A794A26C0}.Release|Any CPU.Build.0 = Release|Any CPU
		{F829F965-C50F-4F53-BA3E-F7751BFF7227}.Debug|Any CPU.ActiveCfg = Debug|Any CPU
		{F829F965-C50F-4F53-BA3E-F7751BFF7227}.Debug|Any CPU.Build.0 = Debug|Any CPU
		{F829F965-C50F-4F53-BA3E-F7751BFF7227}.Release|Any CPU.ActiveCfg = Release|Any CPU
		{F829F965-C50F-4F53-BA3E-F7751BFF7227}.Release|Any CPU.Build.0 = Release|Any CPU
		{05FBCE6D-91E5-4533-A557-17EC24DE1283}.Debug|Any CPU.ActiveCfg = Debug|Any CPU
		{05FBCE6D-91E5-4533-A557-17EC24DE1283}.Debug|Any CPU.Build.0 = Debug|Any CPU
		{05FBCE6D-91E5-4533-A557-17EC24DE1283}.Release|Any CPU.ActiveCfg = Release|Any CPU
		{05FBCE6D-91E5-4533-A557-17EC24DE1283}.Release|Any CPU.Build.0 = Release|Any CPU
	EndGlobalSection
	GlobalSection(SolutionProperties) = preSolution
		HideSolutionNode = FALSE
	EndGlobalSection
	GlobalSection(ExtensibilityGlobals) = postSolution
		SolutionGuid = {2D7BE08C-09D7-45F6-ADB9-ED1398B030C3}
	EndGlobalSection
EndGlobal
